
Microsoft Visual Studio Solution File, Format Version 12.00
# Visual Studio Version 17
VisualStudioVersion = 17.9.34701.34
MinimumVisualStudioVersion = 10.0.40219.1
Project("{FAE04EC0-301F-11D3-BF4B-00C04F79EFBC}") = "RealtimeDataBase", "RealtimeDataBase.csproj", "{2E63FD75-6179-4FEA-B5AC-161F1DEC3AFD}"
EndProject
Global
	GlobalSection(SolutionConfigurationPlatforms) = preSolution
		Debug|Any CPU = Debug|Any CPU
		Release|Any CPU = Release|Any CPU
	EndGlobalSection
	GlobalSection(ProjectConfigurationPlatforms) = postSolution
		{2E63FD75-6179-4FEA-B5AC-161F1DEC3AFD}.Debug|Any CPU.ActiveCfg = Debug|Any CPU
		{2E63FD75-6179-4FEA-B5AC-161F1DEC3AFD}.Debug|Any CPU.Build.0 = Debug|Any CPU
		{2E63FD75-6179-4FEA-B5AC-161F1DEC3AFD}.Release|Any CPU.ActiveCfg = Release|Any CPU
		{2E63FD75-6179-4FEA-B5AC-161F1DEC3AFD}.Release|Any CPU.Build.0 = Release|Any CPU
	EndGlobalSection
	GlobalSection(SolutionProperties) = preSolution
		HideSolutionNode = FALSE
	EndGlobalSection
	GlobalSection(ExtensibilityGlobals) = postSolution
		SolutionGuid = {A7A0DC23-3870-4B76-AA1A-6EF088E009F3}
	EndGlobalSection
EndGlobal
